// !$*UTF8*$!
{
	archiveVersion = 1;
	classes = {
	};
	objectVersion = 48;
	objects = {

/* Begin PBXBuildFile section */
		597AC71DCC51EF235508CEAC /* Pods_Kasam.framework in Frameworks */ = {isa = PBXBuildFile; fileRef = 31ACD208FCC69C817A564415 /* Pods_Kasam.framework */; };
		BC01664522D53E970073186D /* CoachHolder.swift in Sources */ = {isa = PBXBuildFile; fileRef = BC01664422D53E970073186D /* CoachHolder.swift */; };
		BC01664722D5790B0073186D /* UIImageViewAligned in Resources */ = {isa = PBXBuildFile; fileRef = BC01664622D5790B0073186D /* UIImageViewAligned */; };
		BC06DDA423523C7D00162A8C /* Structs.swift in Sources */ = {isa = PBXBuildFile; fileRef = BC06DDA323523C7D00162A8C /* Structs.swift */; };
		BC08B957229D585900F90288 /* CellFormats.swift in Sources */ = {isa = PBXBuildFile; fileRef = BC08B956229D585900F90288 /* CellFormats.swift */; };
		BC1092A723A0553400575EDB /* AddKasamController.xib in Resources */ = {isa = PBXBuildFile; fileRef = BC1092A623A0553400575EDB /* AddKasamController.xib */; };
		BC1092A923A0555D00575EDB /* AddKasam.swift in Sources */ = {isa = PBXBuildFile; fileRef = BC1092A823A0555D00575EDB /* AddKasam.swift */; };
		BC12F1EC233FB07B00D93227 /* KasamFollowingCell.swift in Sources */ = {isa = PBXBuildFile; fileRef = BC12F1EB233FB07B00D93227 /* KasamFollowingCell.swift */; };
		BC12F1EE233FC17100D93227 /* Statistics.swift in Sources */ = {isa = PBXBuildFile; fileRef = BC12F1ED233FC17100D93227 /* Statistics.swift */; };
		BC12F1F0233FF1E900D93227 /* DetailedStatsCell.swift in Sources */ = {isa = PBXBuildFile; fileRef = BC12F1EF233FF1E900D93227 /* DetailedStatsCell.swift */; };
		BC1414EB2493397F0073E577 /* SwipeTable.swift in Sources */ = {isa = PBXBuildFile; fileRef = BC1414EA2493397F0073E577 /* SwipeTable.swift */; };
		BC16A20423292ABD00FDF70C /* loading.json in Resources */ = {isa = PBXBuildFile; fileRef = BC16A20323292ABD00FDF70C /* loading.json */; };
		BC1FAF2D2269FAFA006A9245 /* AppDelegate.swift in Sources */ = {isa = PBXBuildFile; fileRef = BC1FAF2C2269FAFA006A9245 /* AppDelegate.swift */; };
		BC1FAF2F2269FAFA006A9245 /* LogIn.swift in Sources */ = {isa = PBXBuildFile; fileRef = BC1FAF2E2269FAFA006A9245 /* LogIn.swift */; };
		BC1FAF322269FAFA006A9245 /* Main.storyboard in Resources */ = {isa = PBXBuildFile; fileRef = BC1FAF302269FAFA006A9245 /* Main.storyboard */; };
		BC1FAF342269FAFA006A9245 /* Assets.xcassets in Resources */ = {isa = PBXBuildFile; fileRef = BC1FAF332269FAFA006A9245 /* Assets.xcassets */; };
		BC1FAF372269FAFA006A9245 /* LaunchScreen.storyboard in Resources */ = {isa = PBXBuildFile; fileRef = BC1FAF352269FAFA006A9245 /* LaunchScreen.storyboard */; };
		BC228CB224401C3D00BA665C /* crownMedal.json in Resources */ = {isa = PBXBuildFile; fileRef = BC228CB124401C3D00BA665C /* crownMedal.json */; };
		BC2B4C8123A70437005F2255 /* rocket-fast.json in Resources */ = {isa = PBXBuildFile; fileRef = BC2B4C7F23A70436005F2255 /* rocket-fast.json */; };
		BC2B4C8223A70437005F2255 /* checkmark.json in Resources */ = {isa = PBXBuildFile; fileRef = BC2B4C8023A70436005F2255 /* checkmark.json */; };
		BC339E8E2376EB6D00E1D038 /* CustomSegmentedControl.swift in Sources */ = {isa = PBXBuildFile; fileRef = BC339E8D2376EB6D00E1D038 /* CustomSegmentedControl.swift */; };
		BC339E902377242C00E1D038 /* LoginViewCell.swift in Sources */ = {isa = PBXBuildFile; fileRef = BC339E8F2377242C00E1D038 /* LoginViewCell.swift */; };
		BC339E9223772D6F00E1D038 /* RegisterViewCell.swift in Sources */ = {isa = PBXBuildFile; fileRef = BC339E9123772D6F00E1D038 /* RegisterViewCell.swift */; };
		BC38419C24037DE6005D929A /* TodayDayTrackerCell.swift in Sources */ = {isa = PBXBuildFile; fileRef = BC38419B24037DE6005D929A /* TodayDayTrackerCell.swift */; };
		BC3AAA20227D46BA00D098E1 /* TabBar.swift in Sources */ = {isa = PBXBuildFile; fileRef = BC3AAA1F227D46BA00D098E1 /* TabBar.swift */; };
		BC40365A24B3DAB100661E7B /* Unused_Functions.swift in Sources */ = {isa = PBXBuildFile; fileRef = BC40365924B3DAB100661E7B /* Unused_Functions.swift */; };
		BC42C6C72354EA8F008F0A6D /* NewBlockCell.swift in Sources */ = {isa = PBXBuildFile; fileRef = BC42C6C62354EA8F008F0A6D /* NewBlockCell.swift */; };
		BC45558D2321F6D300F1227B /* KasamViewerCell.swift in Sources */ = {isa = PBXBuildFile; fileRef = BC45558C2321F6D300F1227B /* KasamViewerCell.swift */; };
		BC4DE60524B0241A00763B32 /* OptionsPopup.swift in Sources */ = {isa = PBXBuildFile; fileRef = BC4DE60324B0241A00763B32 /* OptionsPopup.swift */; };
		BC4DE60624B0241A00763B32 /* OptionsPopupController.xib in Resources */ = {isa = PBXBuildFile; fileRef = BC4DE60424B0241A00763B32 /* OptionsPopupController.xib */; };
		BC51EB4324C14F50003771E0 /* crownSeptors.json in Resources */ = {isa = PBXBuildFile; fileRef = BC51EB4224C14F50003771E0 /* crownSeptors.json */; };
		BC520BBB227413E100553C6B /* Transitions.swift in Sources */ = {isa = PBXBuildFile; fileRef = BC520BBA227413E100553C6B /* Transitions.swift */; };
		BC554BD2226D6EF900D707CC /* 1. Discover.swift in Sources */ = {isa = PBXBuildFile; fileRef = BC554BD1226D6EF900D707CC /* 1. Discover.swift */; };
		BC554BD6226D8BDB00D707CC /* UIColor.swift in Sources */ = {isa = PBXBuildFile; fileRef = BC554BD5226D8BDB00D707CC /* UIColor.swift */; };
		BC554BD8226E079100D707CC /* 4. User-Profile.swift in Sources */ = {isa = PBXBuildFile; fileRef = BC554BD7226E079100D707CC /* 4. User-Profile.swift */; };
		BC554BDC226E0FBE00D707CC /* TableViewCell.swift in Sources */ = {isa = PBXBuildFile; fileRef = BC554BDA226E0FBE00D707CC /* TableViewCell.swift */; };
		BC554BDD226E0FBE00D707CC /* KasamCell.xib in Resources */ = {isa = PBXBuildFile; fileRef = BC554BDB226E0FBE00D707CC /* KasamCell.xib */; };
		BC55BFD722AEEF6200D77337 /* Custom Functions.swift in Sources */ = {isa = PBXBuildFile; fileRef = BC55BFD622AEEF6200D77337 /* Custom Functions.swift */; };
		BC55CC69232B4552003C87F6 /* WeeklyStatsCell.swift in Sources */ = {isa = PBXBuildFile; fileRef = BC55CC68232B4552003C87F6 /* WeeklyStatsCell.swift */; };
		BC5C3C7A234D60E800C68238 /* PopupForm.swift in Sources */ = {isa = PBXBuildFile; fileRef = BC5C3C79234D60E800C68238 /* PopupForm.swift */; };
		BC5C499C228122BB00EC0EA8 /* KasamSquareCell.swift in Sources */ = {isa = PBXBuildFile; fileRef = BC5C499B228122BB00EC0EA8 /* KasamSquareCell.swift */; };
		BC5D1B0224BA1D4700A5E9A7 /* 3. Group.swift in Sources */ = {isa = PBXBuildFile; fileRef = BC5D1B0124BA1D4700A5E9A7 /* 3. Group.swift */; };
		BC651491238DAD4600510971 /* Popups.swift in Sources */ = {isa = PBXBuildFile; fileRef = BC651490238DAD4600510971 /* Popups.swift */; };
		BC679ECB2439290800441F6E /* badge.json in Resources */ = {isa = PBXBuildFile; fileRef = BC679ECA2439290800441F6E /* badge.json */; };
		BC68BC5F22838A8800240CE9 /* ImageService.swift in Sources */ = {isa = PBXBuildFile; fileRef = BC68BC5E22838A8800240CE9 /* ImageService.swift */; };
		BC6E97852321DF7800698EB9 /* KasamViewer.swift in Sources */ = {isa = PBXBuildFile; fileRef = BC6E97842321DF7800698EB9 /* KasamViewer.swift */; };
		BC7042C0239861A100649D01 /* GoogleService-Info.plist in Resources */ = {isa = PBXBuildFile; fileRef = BC7042BF239861A100649D01 /* GoogleService-Info.plist */; };
		BC74AE97237DA10300676B10 /* -NewActivity.swift in Sources */ = {isa = PBXBuildFile; fileRef = BC74AE96237DA10300676B10 /* -NewActivity.swift */; };
		BC74AE99237DDCD100676B10 /* NewActivityCell.swift in Sources */ = {isa = PBXBuildFile; fileRef = BC74AE98237DDCD100676B10 /* NewActivityCell.swift */; };
		BC74E1F32336748E00653381 /* CountdownTimer.swift in Sources */ = {isa = PBXBuildFile; fileRef = BC74E1F22336748E00653381 /* CountdownTimer.swift */; };
		BC791A21234BF93600A9D25A /* TodayMotivationCell.swift in Sources */ = {isa = PBXBuildFile; fileRef = BC791A20234BF93600A9D25A /* TodayMotivationCell.swift */; };
		BC7BF3E524A67BF40094A5C1 /* Reachability.swift in Sources */ = {isa = PBXBuildFile; fileRef = BC7BF3E424A67BF40094A5C1 /* Reachability.swift */; };
		BC7CBA9724BFC9E30042E89D /* levitate-meditate.json in Resources */ = {isa = PBXBuildFile; fileRef = BC7CBA9624BFC9E30042E89D /* levitate-meditate.json */; };
		BC8348462445027A001819DC /* goldCup.json in Resources */ = {isa = PBXBuildFile; fileRef = BC8348452445027A001819DC /* goldCup.json */; };
		BC834848244502B0001819DC /* oneMedal.json in Resources */ = {isa = PBXBuildFile; fileRef = BC834847244502AF001819DC /* oneMedal.json */; };
		BC83484A2445034A001819DC /* crown.json in Resources */ = {isa = PBXBuildFile; fileRef = BC8348492445034A001819DC /* crown.json */; };
		BC83484C24450403001819DC /* crownSmooth.json in Resources */ = {isa = PBXBuildFile; fileRef = BC83484B24450403001819DC /* crownSmooth.json */; };
		BC85E72C23B11EC500330F60 /* NewKasamPage.swift in Sources */ = {isa = PBXBuildFile; fileRef = BC85E72B23B11EC500330F60 /* NewKasamPage.swift */; };
		BC89B8CA23F86A4800EA3813 /* DiscoverTableCell.swift in Sources */ = {isa = PBXBuildFile; fileRef = BC89B8C923F86A4800EA3813 /* DiscoverTableCell.swift */; };
		BC8AFB4522873EEE003449F4 /* UIView+constraints.swift in Sources */ = {isa = PBXBuildFile; fileRef = BC8AFB4322873EEE003449F4 /* UIView+constraints.swift */; };
		BC96F8482292085200E161FC /* TodayBlockCell.swift in Sources */ = {isa = PBXBuildFile; fileRef = BC96F8462292085200E161FC /* TodayBlockCell.swift */; };
		BC9C2424226FD6FF00E7B64B /* -NewKasam.swift in Sources */ = {isa = PBXBuildFile; fileRef = BC9C2423226FD6FF00E7B64B /* -NewKasam.swift */; };
		BC9C7841228CD2DB000C8D0A /* 2. Today.swift in Sources */ = {isa = PBXBuildFile; fileRef = BC9C7840228CD2DB000C8D0A /* 2. Today.swift */; };
		BC9EC1D92390DD0400637C94 /* CompletedKasamCell.swift in Sources */ = {isa = PBXBuildFile; fileRef = BC9EC1D82390DD0400637C94 /* CompletedKasamCell.swift */; };
		BCA9A06222A9D22E008C5A7D /* AppContainer.swift in Sources */ = {isa = PBXBuildFile; fileRef = BCA9A06122A9D22E008C5A7D /* AppContainer.swift */; };
		BCA9A06422A9D2AB008C5A7D /* AppManager.swift in Sources */ = {isa = PBXBuildFile; fileRef = BCA9A06322A9D2AB008C5A7D /* AppManager.swift */; };
		BCAE18AE23CD3BE300E47ED9 /* fireworks-loading.json in Resources */ = {isa = PBXBuildFile; fileRef = BCAE18AD23CD3BE200E47ED9 /* fireworks-loading.json */; };
		BCB7FFCE248BCF4900E41913 /* NotificationsController.swift in Sources */ = {isa = PBXBuildFile; fileRef = BCB7FFCD248BCF4900E41913 /* NotificationsController.swift */; };
		BCB7FFD0248BD3F600E41913 /* NotificationsCell.swift in Sources */ = {isa = PBXBuildFile; fileRef = BCB7FFCF248BD3F600E41913 /* NotificationsCell.swift */; };
		BCBA69A22274F3200085E407 /* KasamTrackerCell.swift in Sources */ = {isa = PBXBuildFile; fileRef = BCBA69A12274F3200085E407 /* KasamTrackerCell.swift */; };
		BCC4F44823406BBE00EF2FBA /* BalloonMarker.swift in Sources */ = {isa = PBXBuildFile; fileRef = BCC4F44723406BBE00EF2FBA /* BalloonMarker.swift */; };
		BCC79A06226BD56000B72D65 /* Default-568h@2x.png in Resources */ = {isa = PBXBuildFile; fileRef = BCC79A05226BD56000B72D65 /* Default-568h@2x.png */; };
		BCCD252923FB26C00030F6FC /* TodayChallengesCell.swift in Sources */ = {isa = PBXBuildFile; fileRef = BCCD252823FB26C00030F6FC /* TodayChallengesCell.swift */; };
		BCCFE980231ABB0D00B0AB6C /* SelfSizedTableView.swift in Sources */ = {isa = PBXBuildFile; fileRef = BCCFE97F231ABB0D00B0AB6C /* SelfSizedTableView.swift */; };
		BCD213652460CAC80096A365 /* flagmountain.json in Resources */ = {isa = PBXBuildFile; fileRef = BCD213642460CAC70096A365 /* flagmountain.json */; };
		BCD213672460CEE10096A365 /* flagmountainBG.json in Resources */ = {isa = PBXBuildFile; fileRef = BCD213662460CEE10096A365 /* flagmountainBG.json */; };
		BCD7315723B07A9B000A1AF8 /* -NewBlock.swift in Sources */ = {isa = PBXBuildFile; fileRef = BCD7315623B07A9B000A1AF8 /* -NewBlock.swift */; };
		BCD824D323D7C0B40051C499 /* success.json in Resources */ = {isa = PBXBuildFile; fileRef = BCD824D223D7C0B40051C499 /* success.json */; };
		BCE0232D23B092E2007B25A0 /* MetricTypeCell.swift in Sources */ = {isa = PBXBuildFile; fileRef = BCE0232C23B092E2007B25A0 /* MetricTypeCell.swift */; };
		BCE09DEA2463B26E00A7A614 /* BadgesAchieved.swift in Sources */ = {isa = PBXBuildFile; fileRef = BCE09DE92463B26E00A7A614 /* BadgesAchieved.swift */; };
		BCE4B4B923666E0500C75480 /* UserOptionsController.xib in Resources */ = {isa = PBXBuildFile; fileRef = BCE4B4B823666E0500C75480 /* UserOptionsController.xib */; };
		BCE4B4BB23666E2800C75480 /* UserOptionsController.swift in Sources */ = {isa = PBXBuildFile; fileRef = BCE4B4BA23666E2800C75480 /* UserOptionsController.swift */; };
		BCE50BDD22D0497B000F2534 /* KasamHolder.swift in Sources */ = {isa = PBXBuildFile; fileRef = BCE50BDC22D0497B000F2534 /* KasamHolder.swift */; };
		BCE50BE022D04A37000F2534 /* FXBlurView.m in Sources */ = {isa = PBXBuildFile; fileRef = BCE50BDE22D04A37000F2534 /* FXBlurView.m */; };
		BCED0D87237285E80054E66B /* AlertService.swift in Sources */ = {isa = PBXBuildFile; fileRef = BCED0D86237285E80054E66B /* AlertService.swift */; };
		BCF2A76B227F08F0009D2368 /* KasamBlocksCell.swift in Sources */ = {isa = PBXBuildFile; fileRef = BCF2A76A227F08F0009D2368 /* KasamBlocksCell.swift */; };
		BCF8A303246436140030C323 /* BadgesAchievedCellTableViewCell.swift in Sources */ = {isa = PBXBuildFile; fileRef = BCF8A300246436140030C323 /* BadgesAchievedCellTableViewCell.swift */; };
		BCF8A304246436140030C323 /* BadgesAchievedCellTableViewCell.xib in Resources */ = {isa = PBXBuildFile; fileRef = BCF8A301246436140030C323 /* BadgesAchievedCellTableViewCell.xib */; };
		BCF8A305246436140030C323 /* BadgesAchieved.xib in Resources */ = {isa = PBXBuildFile; fileRef = BCF8A302246436140030C323 /* BadgesAchieved.xib */; };
		BCF8A9AF24B1690F00751CC9 /* diamond.json in Resources */ = {isa = PBXBuildFile; fileRef = BCF8A9AE24B1690F00751CC9 /* diamond.json */; };
		BCFCB43522AF02C900DC2DD7 /* DiscoverCollectionCell.swift in Sources */ = {isa = PBXBuildFile; fileRef = BCFCB43422AF02C800DC2DD7 /* DiscoverCollectionCell.swift */; };
		BCFCB43722AF04EA00DC2DD7 /* DiscoverCategoryCell.swift in Sources */ = {isa = PBXBuildFile; fileRef = BCFCB43622AF04EA00DC2DD7 /* DiscoverCategoryCell.swift */; };
/* End PBXBuildFile section */

/* Begin PBXFileReference section */
		31ACD208FCC69C817A564415 /* Pods_Kasam.framework */ = {isa = PBXFileReference; explicitFileType = wrapper.framework; includeInIndex = 0; path = Pods_Kasam.framework; sourceTree = BUILT_PRODUCTS_DIR; };
		4EF22FF8CF5C32ADB7A2CDAE /* Pods-Kasam.debug.xcconfig */ = {isa = PBXFileReference; includeInIndex = 1; lastKnownFileType = text.xcconfig; name = "Pods-Kasam.debug.xcconfig"; path = "Target Support Files/Pods-Kasam/Pods-Kasam.debug.xcconfig"; sourceTree = "<group>"; };
		52D12651E00928AD336FB086 /* Pods-Kasam 1.0.debug.xcconfig */ = {isa = PBXFileReference; includeInIndex = 1; lastKnownFileType = text.xcconfig; name = "Pods-Kasam 1.0.debug.xcconfig"; path = "Target Support Files/Pods-Kasam 1.0/Pods-Kasam 1.0.debug.xcconfig"; sourceTree = "<group>"; };
		6E0D75D92B17FA83E6E6878A /* Pods-Kasam 1.0.release.xcconfig */ = {isa = PBXFileReference; includeInIndex = 1; lastKnownFileType = text.xcconfig; name = "Pods-Kasam 1.0.release.xcconfig"; path = "Target Support Files/Pods-Kasam 1.0/Pods-Kasam 1.0.release.xcconfig"; sourceTree = "<group>"; };
		7097DC07EF7C4EA01ED3C8B9 /* Pods-Kasam.release.xcconfig */ = {isa = PBXFileReference; includeInIndex = 1; lastKnownFileType = text.xcconfig; name = "Pods-Kasam.release.xcconfig"; path = "Target Support Files/Pods-Kasam/Pods-Kasam.release.xcconfig"; sourceTree = "<group>"; };
		BC01664422D53E970073186D /* CoachHolder.swift */ = {isa = PBXFileReference; lastKnownFileType = sourcecode.swift; path = CoachHolder.swift; sourceTree = "<group>"; };
		BC01664622D5790B0073186D /* UIImageViewAligned */ = {isa = PBXFileReference; lastKnownFileType = folder; path = UIImageViewAligned; sourceTree = "<group>"; };
		BC06DDA323523C7D00162A8C /* Structs.swift */ = {isa = PBXFileReference; lastKnownFileType = sourcecode.swift; path = Structs.swift; sourceTree = "<group>"; };
		BC08B956229D585900F90288 /* CellFormats.swift */ = {isa = PBXFileReference; fileEncoding = 4; lastKnownFileType = sourcecode.swift; name = CellFormats.swift; path = Kasam/Model/KasamCalendarTable/CellFormats.swift; sourceTree = SOURCE_ROOT; };
		BC1092A623A0553400575EDB /* AddKasamController.xib */ = {isa = PBXFileReference; lastKnownFileType = file.xib; path = AddKasamController.xib; sourceTree = "<group>"; };
		BC1092A823A0555D00575EDB /* AddKasam.swift */ = {isa = PBXFileReference; lastKnownFileType = sourcecode.swift; path = AddKasam.swift; sourceTree = "<group>"; };
		BC12F1EB233FB07B00D93227 /* KasamFollowingCell.swift */ = {isa = PBXFileReference; lastKnownFileType = sourcecode.swift; path = KasamFollowingCell.swift; sourceTree = "<group>"; };
		BC12F1ED233FC17100D93227 /* Statistics.swift */ = {isa = PBXFileReference; lastKnownFileType = sourcecode.swift; path = Statistics.swift; sourceTree = "<group>"; };
		BC12F1EF233FF1E900D93227 /* DetailedStatsCell.swift */ = {isa = PBXFileReference; lastKnownFileType = sourcecode.swift; path = DetailedStatsCell.swift; sourceTree = "<group>"; };
		BC1414EA2493397F0073E577 /* SwipeTable.swift */ = {isa = PBXFileReference; fileEncoding = 4; lastKnownFileType = sourcecode.swift; path = SwipeTable.swift; sourceTree = "<group>"; };
		BC16A20323292ABD00FDF70C /* loading.json */ = {isa = PBXFileReference; fileEncoding = 4; lastKnownFileType = text.json; name = loading.json; path = "Supporting Files/Lottie Animations/loading.json"; sourceTree = SOURCE_ROOT; };
		BC1FAF292269FAFA006A9245 /* Kasam.app */ = {isa = PBXFileReference; explicitFileType = wrapper.application; includeInIndex = 0; path = Kasam.app; sourceTree = BUILT_PRODUCTS_DIR; };
		BC1FAF2C2269FAFA006A9245 /* AppDelegate.swift */ = {isa = PBXFileReference; lastKnownFileType = sourcecode.swift; path = AppDelegate.swift; sourceTree = "<group>"; };
		BC1FAF2E2269FAFA006A9245 /* LogIn.swift */ = {isa = PBXFileReference; lastKnownFileType = sourcecode.swift; path = LogIn.swift; sourceTree = "<group>"; };
		BC1FAF312269FAFA006A9245 /* Base */ = {isa = PBXFileReference; lastKnownFileType = file.storyboard; name = Base; path = Base.lproj/Main.storyboard; sourceTree = "<group>"; };
		BC1FAF332269FAFA006A9245 /* Assets.xcassets */ = {isa = PBXFileReference; lastKnownFileType = folder.assetcatalog; path = Assets.xcassets; sourceTree = "<group>"; };
		BC1FAF362269FAFA006A9245 /* Base */ = {isa = PBXFileReference; lastKnownFileType = file.storyboard; name = Base; path = Base.lproj/LaunchScreen.storyboard; sourceTree = "<group>"; };
		BC1FAF382269FAFA006A9245 /* Info.plist */ = {isa = PBXFileReference; lastKnownFileType = text.plist.xml; path = Info.plist; sourceTree = "<group>"; };
		BC228CB124401C3D00BA665C /* crownMedal.json */ = {isa = PBXFileReference; fileEncoding = 4; lastKnownFileType = text.json; path = crownMedal.json; sourceTree = "<group>"; };
		BC2B4C7F23A70436005F2255 /* rocket-fast.json */ = {isa = PBXFileReference; fileEncoding = 4; lastKnownFileType = text.json; name = "rocket-fast.json"; path = "Supporting Files/Lottie Animations/rocket-fast.json"; sourceTree = SOURCE_ROOT; };
		BC2B4C8023A70436005F2255 /* checkmark.json */ = {isa = PBXFileReference; fileEncoding = 4; lastKnownFileType = text.json; name = checkmark.json; path = "Supporting Files/Lottie Animations/checkmark.json"; sourceTree = SOURCE_ROOT; };
		BC339E8D2376EB6D00E1D038 /* CustomSegmentedControl.swift */ = {isa = PBXFileReference; lastKnownFileType = sourcecode.swift; path = CustomSegmentedControl.swift; sourceTree = "<group>"; };
		BC339E8F2377242C00E1D038 /* LoginViewCell.swift */ = {isa = PBXFileReference; lastKnownFileType = sourcecode.swift; path = LoginViewCell.swift; sourceTree = "<group>"; };
		BC339E9123772D6F00E1D038 /* RegisterViewCell.swift */ = {isa = PBXFileReference; lastKnownFileType = sourcecode.swift; path = RegisterViewCell.swift; sourceTree = "<group>"; };
		BC38419B24037DE6005D929A /* TodayDayTrackerCell.swift */ = {isa = PBXFileReference; lastKnownFileType = sourcecode.swift; path = TodayDayTrackerCell.swift; sourceTree = "<group>"; };
		BC3AAA1F227D46BA00D098E1 /* TabBar.swift */ = {isa = PBXFileReference; lastKnownFileType = sourcecode.swift; path = TabBar.swift; sourceTree = "<group>"; };
		BC40365924B3DAB100661E7B /* Unused_Functions.swift */ = {isa = PBXFileReference; lastKnownFileType = sourcecode.swift; path = Unused_Functions.swift; sourceTree = "<group>"; };
		BC42C6C62354EA8F008F0A6D /* NewBlockCell.swift */ = {isa = PBXFileReference; lastKnownFileType = sourcecode.swift; path = NewBlockCell.swift; sourceTree = "<group>"; };
		BC45558C2321F6D300F1227B /* KasamViewerCell.swift */ = {isa = PBXFileReference; lastKnownFileType = sourcecode.swift; path = KasamViewerCell.swift; sourceTree = "<group>"; };
		BC4DE60324B0241A00763B32 /* OptionsPopup.swift */ = {isa = PBXFileReference; fileEncoding = 4; lastKnownFileType = sourcecode.swift; path = OptionsPopup.swift; sourceTree = "<group>"; };
		BC4DE60424B0241A00763B32 /* OptionsPopupController.xib */ = {isa = PBXFileReference; fileEncoding = 4; lastKnownFileType = file.xib; path = OptionsPopupController.xib; sourceTree = "<group>"; };
		BC51EB4224C14F50003771E0 /* crownSeptors.json */ = {isa = PBXFileReference; fileEncoding = 4; lastKnownFileType = text.json; path = crownSeptors.json; sourceTree = "<group>"; };
		BC520BBA227413E100553C6B /* Transitions.swift */ = {isa = PBXFileReference; lastKnownFileType = sourcecode.swift; path = Transitions.swift; sourceTree = "<group>"; };
		BC554BD1226D6EF900D707CC /* 1. Discover.swift */ = {isa = PBXFileReference; lastKnownFileType = sourcecode.swift; path = "1. Discover.swift"; sourceTree = "<group>"; };
		BC554BD5226D8BDB00D707CC /* UIColor.swift */ = {isa = PBXFileReference; lastKnownFileType = sourcecode.swift; path = UIColor.swift; sourceTree = "<group>"; };
		BC554BD7226E079100D707CC /* 4. User-Profile.swift */ = {isa = PBXFileReference; lastKnownFileType = sourcecode.swift; path = "4. User-Profile.swift"; sourceTree = "<group>"; };
		BC554BDA226E0FBE00D707CC /* TableViewCell.swift */ = {isa = PBXFileReference; lastKnownFileType = sourcecode.swift; path = TableViewCell.swift; sourceTree = "<group>"; };
		BC554BDB226E0FBE00D707CC /* KasamCell.xib */ = {isa = PBXFileReference; lastKnownFileType = file.xib; path = KasamCell.xib; sourceTree = "<group>"; };
		BC55BFD622AEEF6200D77337 /* Custom Functions.swift */ = {isa = PBXFileReference; lastKnownFileType = sourcecode.swift; path = "Custom Functions.swift"; sourceTree = "<group>"; };
		BC55CC68232B4552003C87F6 /* WeeklyStatsCell.swift */ = {isa = PBXFileReference; lastKnownFileType = sourcecode.swift; path = WeeklyStatsCell.swift; sourceTree = "<group>"; };
		BC5C3C79234D60E800C68238 /* PopupForm.swift */ = {isa = PBXFileReference; lastKnownFileType = sourcecode.swift; path = PopupForm.swift; sourceTree = "<group>"; };
		BC5C499B228122BB00EC0EA8 /* KasamSquareCell.swift */ = {isa = PBXFileReference; lastKnownFileType = sourcecode.swift; path = KasamSquareCell.swift; sourceTree = "<group>"; };
		BC5D1B0124BA1D4700A5E9A7 /* 3. Group.swift */ = {isa = PBXFileReference; fileEncoding = 4; lastKnownFileType = sourcecode.swift; path = "3. Group.swift"; sourceTree = "<group>"; };
		BC651490238DAD4600510971 /* Popups.swift */ = {isa = PBXFileReference; lastKnownFileType = sourcecode.swift; path = Popups.swift; sourceTree = "<group>"; };
		BC679ECA2439290800441F6E /* badge.json */ = {isa = PBXFileReference; fileEncoding = 4; lastKnownFileType = text.json; path = badge.json; sourceTree = "<group>"; };
		BC68BC5E22838A8800240CE9 /* ImageService.swift */ = {isa = PBXFileReference; fileEncoding = 4; lastKnownFileType = sourcecode.swift; path = ImageService.swift; sourceTree = "<group>"; };
		BC6E97842321DF7800698EB9 /* KasamViewer.swift */ = {isa = PBXFileReference; lastKnownFileType = sourcecode.swift; path = KasamViewer.swift; sourceTree = "<group>"; };
		BC7042BF239861A100649D01 /* GoogleService-Info.plist */ = {isa = PBXFileReference; fileEncoding = 4; lastKnownFileType = text.plist.xml; path = "GoogleService-Info.plist"; sourceTree = "<group>"; };
		BC74AE96237DA10300676B10 /* -NewActivity.swift */ = {isa = PBXFileReference; lastKnownFileType = sourcecode.swift; path = "-NewActivity.swift"; sourceTree = "<group>"; };
		BC74AE98237DDCD100676B10 /* NewActivityCell.swift */ = {isa = PBXFileReference; lastKnownFileType = sourcecode.swift; path = NewActivityCell.swift; sourceTree = "<group>"; };
		BC74E1F22336748E00653381 /* CountdownTimer.swift */ = {isa = PBXFileReference; fileEncoding = 4; lastKnownFileType = sourcecode.swift; path = CountdownTimer.swift; sourceTree = "<group>"; };
		BC791A20234BF93600A9D25A /* TodayMotivationCell.swift */ = {isa = PBXFileReference; fileEncoding = 4; lastKnownFileType = sourcecode.swift; path = TodayMotivationCell.swift; sourceTree = "<group>"; };
		BC7BF3E424A67BF40094A5C1 /* Reachability.swift */ = {isa = PBXFileReference; fileEncoding = 4; lastKnownFileType = sourcecode.swift; path = Reachability.swift; sourceTree = "<group>"; };
		BC7CBA9624BFC9E30042E89D /* levitate-meditate.json */ = {isa = PBXFileReference; fileEncoding = 4; lastKnownFileType = text.json; name = "levitate-meditate.json"; path = "Supporting Files/levitate-meditate.json"; sourceTree = SOURCE_ROOT; };
		BC8348452445027A001819DC /* goldCup.json */ = {isa = PBXFileReference; fileEncoding = 4; lastKnownFileType = text.json; path = goldCup.json; sourceTree = "<group>"; };
		BC834847244502AF001819DC /* oneMedal.json */ = {isa = PBXFileReference; fileEncoding = 4; lastKnownFileType = text.json; path = oneMedal.json; sourceTree = "<group>"; };
		BC8348492445034A001819DC /* crown.json */ = {isa = PBXFileReference; fileEncoding = 4; lastKnownFileType = text.json; path = crown.json; sourceTree = "<group>"; };
		BC83484B24450403001819DC /* crownSmooth.json */ = {isa = PBXFileReference; fileEncoding = 4; lastKnownFileType = text.json; path = crownSmooth.json; sourceTree = "<group>"; };
		BC85E72B23B11EC500330F60 /* NewKasamPage.swift */ = {isa = PBXFileReference; lastKnownFileType = sourcecode.swift; path = NewKasamPage.swift; sourceTree = "<group>"; };
		BC89B8C923F86A4800EA3813 /* DiscoverTableCell.swift */ = {isa = PBXFileReference; lastKnownFileType = sourcecode.swift; path = DiscoverTableCell.swift; sourceTree = "<group>"; };
		BC8AFB4322873EEE003449F4 /* UIView+constraints.swift */ = {isa = PBXFileReference; fileEncoding = 4; lastKnownFileType = sourcecode.swift; path = "UIView+constraints.swift"; sourceTree = "<group>"; };
		BC96F8462292085200E161FC /* TodayBlockCell.swift */ = {isa = PBXFileReference; fileEncoding = 4; lastKnownFileType = sourcecode.swift; path = TodayBlockCell.swift; sourceTree = "<group>"; };
		BC9C2423226FD6FF00E7B64B /* -NewKasam.swift */ = {isa = PBXFileReference; lastKnownFileType = sourcecode.swift; path = "-NewKasam.swift"; sourceTree = "<group>"; };
		BC9C7840228CD2DB000C8D0A /* 2. Today.swift */ = {isa = PBXFileReference; lastKnownFileType = sourcecode.swift; path = "2. Today.swift"; sourceTree = "<group>"; };
		BC9EC1D82390DD0400637C94 /* CompletedKasamCell.swift */ = {isa = PBXFileReference; lastKnownFileType = sourcecode.swift; path = CompletedKasamCell.swift; sourceTree = "<group>"; };
		BCA9A06122A9D22E008C5A7D /* AppContainer.swift */ = {isa = PBXFileReference; lastKnownFileType = sourcecode.swift; path = AppContainer.swift; sourceTree = "<group>"; };
		BCA9A06322A9D2AB008C5A7D /* AppManager.swift */ = {isa = PBXFileReference; lastKnownFileType = sourcecode.swift; path = AppManager.swift; sourceTree = "<group>"; };
		BCAE18AD23CD3BE200E47ED9 /* fireworks-loading.json */ = {isa = PBXFileReference; fileEncoding = 4; lastKnownFileType = text.json; name = "fireworks-loading.json"; path = "Supporting Files/Lottie Animations/fireworks-loading.json"; sourceTree = SOURCE_ROOT; };
		BCB7FFCD248BCF4900E41913 /* NotificationsController.swift */ = {isa = PBXFileReference; lastKnownFileType = sourcecode.swift; path = NotificationsController.swift; sourceTree = "<group>"; };
		BCB7FFCF248BD3F600E41913 /* NotificationsCell.swift */ = {isa = PBXFileReference; lastKnownFileType = sourcecode.swift; path = NotificationsCell.swift; sourceTree = "<group>"; };
		BCBA69A12274F3200085E407 /* KasamTrackerCell.swift */ = {isa = PBXFileReference; fileEncoding = 4; lastKnownFileType = sourcecode.swift; path = KasamTrackerCell.swift; sourceTree = "<group>"; };
		BCC4F44723406BBE00EF2FBA /* BalloonMarker.swift */ = {isa = PBXFileReference; lastKnownFileType = sourcecode.swift; path = BalloonMarker.swift; sourceTree = "<group>"; };
		BCC79A05226BD56000B72D65 /* Default-568h@2x.png */ = {isa = PBXFileReference; lastKnownFileType = image.png; path = "Default-568h@2x.png"; sourceTree = "<group>"; };
		BCCD252823FB26C00030F6FC /* TodayChallengesCell.swift */ = {isa = PBXFileReference; fileEncoding = 4; lastKnownFileType = sourcecode.swift; path = TodayChallengesCell.swift; sourceTree = "<group>"; };
		BCCFE97F231ABB0D00B0AB6C /* SelfSizedTableView.swift */ = {isa = PBXFileReference; lastKnownFileType = sourcecode.swift; path = SelfSizedTableView.swift; sourceTree = "<group>"; };
		BCD213642460CAC70096A365 /* flagmountain.json */ = {isa = PBXFileReference; fileEncoding = 4; lastKnownFileType = text.json; path = flagmountain.json; sourceTree = "<group>"; };
		BCD213662460CEE10096A365 /* flagmountainBG.json */ = {isa = PBXFileReference; fileEncoding = 4; lastKnownFileType = text.json; path = flagmountainBG.json; sourceTree = "<group>"; };
		BCD7315623B07A9B000A1AF8 /* -NewBlock.swift */ = {isa = PBXFileReference; fileEncoding = 4; lastKnownFileType = sourcecode.swift; path = "-NewBlock.swift"; sourceTree = "<group>"; };
		BCD824D223D7C0B40051C499 /* success.json */ = {isa = PBXFileReference; fileEncoding = 4; lastKnownFileType = text.json; path = success.json; sourceTree = "<group>"; };
		BCE0232C23B092E2007B25A0 /* MetricTypeCell.swift */ = {isa = PBXFileReference; fileEncoding = 4; lastKnownFileType = sourcecode.swift; path = MetricTypeCell.swift; sourceTree = "<group>"; };
		BCE09DE92463B26E00A7A614 /* BadgesAchieved.swift */ = {isa = PBXFileReference; fileEncoding = 4; lastKnownFileType = sourcecode.swift; path = BadgesAchieved.swift; sourceTree = "<group>"; };
		BCE4B4B823666E0500C75480 /* UserOptionsController.xib */ = {isa = PBXFileReference; fileEncoding = 4; lastKnownFileType = file.xib; path = UserOptionsController.xib; sourceTree = "<group>"; };
		BCE4B4BA23666E2800C75480 /* UserOptionsController.swift */ = {isa = PBXFileReference; fileEncoding = 4; lastKnownFileType = sourcecode.swift; path = UserOptionsController.swift; sourceTree = "<group>"; };
		BCE50BDC22D0497B000F2534 /* KasamHolder.swift */ = {isa = PBXFileReference; lastKnownFileType = sourcecode.swift; path = KasamHolder.swift; sourceTree = "<group>"; };
		BCE50BDE22D04A37000F2534 /* FXBlurView.m */ = {isa = PBXFileReference; fileEncoding = 4; lastKnownFileType = sourcecode.c.objc; path = FXBlurView.m; sourceTree = "<group>"; };
		BCE50BDF22D04A37000F2534 /* FXBlurView.h */ = {isa = PBXFileReference; fileEncoding = 4; lastKnownFileType = sourcecode.c.h; path = FXBlurView.h; sourceTree = "<group>"; };
		BCE50BE322D04B26000F2534 /* Kasam-Bridging-Header.h */ = {isa = PBXFileReference; lastKnownFileType = sourcecode.c.h; path = "Kasam-Bridging-Header.h"; sourceTree = "<group>"; };
		BCED0D86237285E80054E66B /* AlertService.swift */ = {isa = PBXFileReference; fileEncoding = 4; lastKnownFileType = sourcecode.swift; path = AlertService.swift; sourceTree = "<group>"; };
		BCEE9D2123EF5F0500553BEB /* Kasam.entitlements */ = {isa = PBXFileReference; lastKnownFileType = text.plist.entitlements; path = Kasam.entitlements; sourceTree = "<group>"; };
		BCF2A76A227F08F0009D2368 /* KasamBlocksCell.swift */ = {isa = PBXFileReference; lastKnownFileType = sourcecode.swift; path = KasamBlocksCell.swift; sourceTree = "<group>"; };
		BCF8A300246436140030C323 /* BadgesAchievedCellTableViewCell.swift */ = {isa = PBXFileReference; fileEncoding = 4; lastKnownFileType = sourcecode.swift; path = BadgesAchievedCellTableViewCell.swift; sourceTree = "<group>"; };
		BCF8A301246436140030C323 /* BadgesAchievedCellTableViewCell.xib */ = {isa = PBXFileReference; fileEncoding = 4; lastKnownFileType = file.xib; path = BadgesAchievedCellTableViewCell.xib; sourceTree = "<group>"; };
		BCF8A302246436140030C323 /* BadgesAchieved.xib */ = {isa = PBXFileReference; fileEncoding = 4; lastKnownFileType = file.xib; path = BadgesAchieved.xib; sourceTree = "<group>"; };
		BCF8A9AE24B1690F00751CC9 /* diamond.json */ = {isa = PBXFileReference; fileEncoding = 4; lastKnownFileType = text.json; name = diamond.json; path = ../../../../Badges/diamond.json; sourceTree = "<group>"; };
		BCFCB43422AF02C800DC2DD7 /* DiscoverCollectionCell.swift */ = {isa = PBXFileReference; fileEncoding = 4; lastKnownFileType = sourcecode.swift; path = DiscoverCollectionCell.swift; sourceTree = "<group>"; };
		BCFCB43622AF04EA00DC2DD7 /* DiscoverCategoryCell.swift */ = {isa = PBXFileReference; lastKnownFileType = sourcecode.swift; path = DiscoverCategoryCell.swift; sourceTree = "<group>"; };
/* End PBXFileReference section */

/* Begin PBXFrameworksBuildPhase section */
		BC1FAF262269FAFA006A9245 /* Frameworks */ = {
			isa = PBXFrameworksBuildPhase;
			buildActionMask = 2147483647;
			files = (
				597AC71DCC51EF235508CEAC /* Pods_Kasam.framework in Frameworks */,
			);
			runOnlyForDeploymentPostprocessing = 0;
		};
/* End PBXFrameworksBuildPhase section */

/* Begin PBXGroup section */
		0DE7B4833354A6A947F9DDED /* Frameworks */ = {
			isa = PBXGroup;
			children = (
				31ACD208FCC69C817A564415 /* Pods_Kasam.framework */,
			);
			name = Frameworks;
			sourceTree = "<group>";
		};
		5E4D55A322B404E968A28420 /* Pods */ = {
			isa = PBXGroup;
			children = (
				52D12651E00928AD336FB086 /* Pods-Kasam 1.0.debug.xcconfig */,
				6E0D75D92B17FA83E6E6878A /* Pods-Kasam 1.0.release.xcconfig */,
				4EF22FF8CF5C32ADB7A2CDAE /* Pods-Kasam.debug.xcconfig */,
				7097DC07EF7C4EA01ED3C8B9 /* Pods-Kasam.release.xcconfig */,
			);
			path = Pods;
			sourceTree = "<group>";
		};
		BC1C678023D5558300E44DEE /* Lottie Animations */ = {
			isa = PBXGroup;
			children = (
				BC7CBA9624BFC9E30042E89D /* levitate-meditate.json */,
				BC83484D24450468001819DC /* Badges */,
				BC16A20323292ABD00FDF70C /* loading.json */,
				BCAE18AD23CD3BE200E47ED9 /* fireworks-loading.json */,
				BC2B4C8023A70436005F2255 /* checkmark.json */,
				BCD824D223D7C0B40051C499 /* success.json */,
				BC2B4C7F23A70436005F2255 /* rocket-fast.json */,
			);
			path = "Lottie Animations";
			sourceTree = "<group>";
		};
		BC1C8412248B531400797A20 /* Notifications */ = {
			isa = PBXGroup;
			children = (
				BCB7FFCD248BCF4900E41913 /* NotificationsController.swift */,
				BCB7FFCF248BD3F600E41913 /* NotificationsCell.swift */,
			);
			path = Notifications;
			sourceTree = "<group>";
		};
		BC1FAF202269FAFA006A9245 = {
			isa = PBXGroup;
			children = (
				BCC79A05226BD56000B72D65 /* Default-568h@2x.png */,
				BC1FAF2B2269FAFA006A9245 /* Kasam */,
				BCC79A00226BD50600B72D65 /* Supporting Files */,
				BC1FAF2A2269FAFA006A9245 /* Products */,
				5E4D55A322B404E968A28420 /* Pods */,
				0DE7B4833354A6A947F9DDED /* Frameworks */,
			);
			sourceTree = "<group>";
		};
		BC1FAF2A2269FAFA006A9245 /* Products */ = {
			isa = PBXGroup;
			children = (
				BC1FAF292269FAFA006A9245 /* Kasam.app */,
			);
			name = Products;
			sourceTree = "<group>";
		};
		BC1FAF2B2269FAFA006A9245 /* Kasam */ = {
			isa = PBXGroup;
			children = (
				BCEE9D2123EF5F0500553BEB /* Kasam.entitlements */,
				BCF2A773227FB55E009D2368 /* Services */,
				BCC799FD226BD4F700B72D65 /* Model */,
				BCADFBAD229CC5CC00A9EAFA /* Cell Formats */,
				BCC799FE226BD4FC00B72D65 /* View */,
				BCC799FF226BD4FF00B72D65 /* Controller */,
				BC1FAF332269FAFA006A9245 /* Assets.xcassets */,
			);
			path = Kasam;
			sourceTree = "<group>";
		};
		BC4DE60224B023E400763B32 /* OptionsPopup */ = {
			isa = PBXGroup;
			children = (
				BC4DE60424B0241A00763B32 /* OptionsPopupController.xib */,
				BC4DE60324B0241A00763B32 /* OptionsPopup.swift */,
			);
			path = OptionsPopup;
			sourceTree = "<group>";
		};
		BC554BD9226E0F2700D707CC /* User Kasams Table */ = {
			isa = PBXGroup;
			children = (
				BC554BDA226E0FBE00D707CC /* TableViewCell.swift */,
				BC554BDB226E0FBE00D707CC /* KasamCell.xib */,
			);
			path = "User Kasams Table";
			sourceTree = "<group>";
		};
		BC83484D24450468001819DC /* Badges */ = {
			isa = PBXGroup;
			children = (
				BCD213642460CAC70096A365 /* flagmountain.json */,
				BCD213662460CEE10096A365 /* flagmountainBG.json */,
				BC51EB4224C14F50003771E0 /* crownSeptors.json */,
				BCF8A9AE24B1690F00751CC9 /* diamond.json */,
				BC679ECA2439290800441F6E /* badge.json */,
				BC8348492445034A001819DC /* crown.json */,
				BC83484B24450403001819DC /* crownSmooth.json */,
				BC228CB124401C3D00BA665C /* crownMedal.json */,
				BC8348452445027A001819DC /* goldCup.json */,
				BC834847244502AF001819DC /* oneMedal.json */,
			);
			path = Badges;
			sourceTree = "<group>";
		};
		BCADFBAD229CC5CC00A9EAFA /* Cell Formats */ = {
			isa = PBXGroup;
			children = (
				BC08B956229D585900F90288 /* CellFormats.swift */,
				BCFCB43622AF04EA00DC2DD7 /* DiscoverCategoryCell.swift */,
				BC89B8C923F86A4800EA3813 /* DiscoverTableCell.swift */,
				BCFCB43422AF02C800DC2DD7 /* DiscoverCollectionCell.swift */,
				BC5C499B228122BB00EC0EA8 /* KasamSquareCell.swift */,
				BC96F8462292085200E161FC /* TodayBlockCell.swift */,
				BC791A20234BF93600A9D25A /* TodayMotivationCell.swift */,
				BC38419B24037DE6005D929A /* TodayDayTrackerCell.swift */,
				BCCD252823FB26C00030F6FC /* TodayChallengesCell.swift */,
				BC42C6C62354EA8F008F0A6D /* NewBlockCell.swift */,
				BC74AE98237DDCD100676B10 /* NewActivityCell.swift */,
				BC45558C2321F6D300F1227B /* KasamViewerCell.swift */,
				BCF2A76A227F08F0009D2368 /* KasamBlocksCell.swift */,
				BCBA69A12274F3200085E407 /* KasamTrackerCell.swift */,
				BCCFE97F231ABB0D00B0AB6C /* SelfSizedTableView.swift */,
				BC55CC68232B4552003C87F6 /* WeeklyStatsCell.swift */,
				BC12F1EB233FB07B00D93227 /* KasamFollowingCell.swift */,
				BCE0232C23B092E2007B25A0 /* MetricTypeCell.swift */,
				BC9EC1D82390DD0400637C94 /* CompletedKasamCell.swift */,
				BC12F1EF233FF1E900D93227 /* DetailedStatsCell.swift */,
				BC339E8F2377242C00E1D038 /* LoginViewCell.swift */,
				BC339E9123772D6F00E1D038 /* RegisterViewCell.swift */,
			);
			path = "Cell Formats";
			sourceTree = "<group>";
		};
		BCC07F4D2466F357000E2D81 /* UserOptions */ = {
			isa = PBXGroup;
			children = (
				BCE4B4B823666E0500C75480 /* UserOptionsController.xib */,
				BCE4B4BA23666E2800C75480 /* UserOptionsController.swift */,
			);
			path = UserOptions;
			sourceTree = "<group>";
		};
		BCC07F4E24670A11000E2D81 /* AddKasam */ = {
			isa = PBXGroup;
			children = (
				BC1092A623A0553400575EDB /* AddKasamController.xib */,
				BC1092A823A0555D00575EDB /* AddKasam.swift */,
			);
			path = AddKasam;
			sourceTree = "<group>";
		};
		BCC799FD226BD4F700B72D65 /* Model */ = {
			isa = PBXGroup;
			children = (
				BC01664622D5790B0073186D /* UIImageViewAligned */,
				BCA9A06322A9D2AB008C5A7D /* AppManager.swift */,
				BC554BD5226D8BDB00D707CC /* UIColor.swift */,
				BCC4F44723406BBE00EF2FBA /* BalloonMarker.swift */,
				BC520BBA227413E100553C6B /* Transitions.swift */,
				BC8AFB4322873EEE003449F4 /* UIView+constraints.swift */,
				BC74E1F22336748E00653381 /* CountdownTimer.swift */,
				BC55BFD622AEEF6200D77337 /* Custom Functions.swift */,
				BC5C3C79234D60E800C68238 /* PopupForm.swift */,
				BC06DDA323523C7D00162A8C /* Structs.swift */,
				BC651490238DAD4600510971 /* Popups.swift */,
				BC1414EA2493397F0073E577 /* SwipeTable.swift */,
				BCE50BDF22D04A37000F2534 /* FXBlurView.h */,
				BCE50BDE22D04A37000F2534 /* FXBlurView.m */,
				BCE50BE322D04B26000F2534 /* Kasam-Bridging-Header.h */,
				BC339E8D2376EB6D00E1D038 /* CustomSegmentedControl.swift */,
				BC554BD9226E0F2700D707CC /* User Kasams Table */,
				BC40365924B3DAB100661E7B /* Unused_Functions.swift */,
			);
			path = Model;
			sourceTree = "<group>";
		};
		BCC799FE226BD4FC00B72D65 /* View */ = {
			isa = PBXGroup;
			children = (
				BC1FAF302269FAFA006A9245 /* Main.storyboard */,
				BC1FAF352269FAFA006A9245 /* LaunchScreen.storyboard */,
				BCC07F4D2466F357000E2D81 /* UserOptions */,
				BCF8A2FF246436140030C323 /* BadgesAchieved */,
				BC4DE60224B023E400763B32 /* OptionsPopup */,
				BCC07F4E24670A11000E2D81 /* AddKasam */,
				BC1C8412248B531400797A20 /* Notifications */,
			);
			path = View;
			sourceTree = "<group>";
		};
		BCC799FF226BD4FF00B72D65 /* Controller */ = {
			isa = PBXGroup;
			children = (
				BC1FAF2C2269FAFA006A9245 /* AppDelegate.swift */,
				BCA9A06122A9D22E008C5A7D /* AppContainer.swift */,
				BC01664422D53E970073186D /* CoachHolder.swift */,
				BC554BD1226D6EF900D707CC /* 1. Discover.swift */,
				BC9C7840228CD2DB000C8D0A /* 2. Today.swift */,
				BC5D1B0124BA1D4700A5E9A7 /* 3. Group.swift */,
				BC554BD7226E079100D707CC /* 4. User-Profile.swift */,
				BC12F1ED233FC17100D93227 /* Statistics.swift */,
				BCE50BDC22D0497B000F2534 /* KasamHolder.swift */,
				BC6E97842321DF7800698EB9 /* KasamViewer.swift */,
				BC85E72B23B11EC500330F60 /* NewKasamPage.swift */,
				BC9C2423226FD6FF00E7B64B /* -NewKasam.swift */,
				BCD7315623B07A9B000A1AF8 /* -NewBlock.swift */,
				BC74AE96237DA10300676B10 /* -NewActivity.swift */,
				BC1FAF2E2269FAFA006A9245 /* LogIn.swift */,
				BC3AAA1F227D46BA00D098E1 /* TabBar.swift */,
			);
			path = Controller;
			sourceTree = "<group>";
		};
		BCC79A00226BD50600B72D65 /* Supporting Files */ = {
			isa = PBXGroup;
			children = (
				BC1C678023D5558300E44DEE /* Lottie Animations */,
				BC1FAF382269FAFA006A9245 /* Info.plist */,
				BC7042BF239861A100649D01 /* GoogleService-Info.plist */,
			);
			path = "Supporting Files";
			sourceTree = "<group>";
		};
		BCF2A773227FB55E009D2368 /* Services */ = {
			isa = PBXGroup;
			children = (
				BC68BC5E22838A8800240CE9 /* ImageService.swift */,
				BCED0D86237285E80054E66B /* AlertService.swift */,
				BC7BF3E424A67BF40094A5C1 /* Reachability.swift */,
			);
			path = Services;
			sourceTree = "<group>";
		};
		BCF8A2FF246436140030C323 /* BadgesAchieved */ = {
			isa = PBXGroup;
			children = (
				BCF8A302246436140030C323 /* BadgesAchieved.xib */,
				BCE09DE92463B26E00A7A614 /* BadgesAchieved.swift */,
				BCF8A301246436140030C323 /* BadgesAchievedCellTableViewCell.xib */,
				BCF8A300246436140030C323 /* BadgesAchievedCellTableViewCell.swift */,
			);
			path = BadgesAchieved;
			sourceTree = "<group>";
		};
/* End PBXGroup section */

/* Begin PBXNativeTarget section */
		BC1FAF282269FAFA006A9245 /* Kasam */ = {
			isa = PBXNativeTarget;
			buildConfigurationList = BC1FAF3B2269FAFA006A9245 /* Build configuration list for PBXNativeTarget "Kasam" */;
			buildPhases = (
				0C07AF3BA0F3D3DEEB9BA1BD /* [CP] Check Pods Manifest.lock */,
				BC1FAF252269FAFA006A9245 /* Sources */,
				BC1FAF262269FAFA006A9245 /* Frameworks */,
				BC1FAF272269FAFA006A9245 /* Resources */,
				22717E2F6F90C67BECEDA69C /* [CP] Embed Pods Frameworks */,
				F10AFC8567255F4A330C0C82 /* [CP] Copy Pods Resources */,
				BC2C42EA24A62EC00041E919 /* ShellScript */,
			);
			buildRules = (
			);
			dependencies = (
			);
			name = Kasam;
			productName = "Kasam 1.0";
			productReference = BC1FAF292269FAFA006A9245 /* Kasam.app */;
			productType = "com.apple.product-type.application";
		};
/* End PBXNativeTarget section */

/* Begin PBXProject section */
		BC1FAF212269FAFA006A9245 /* Project object */ = {
			isa = PBXProject;
			attributes = {
				LastSwiftUpdateCheck = 0920;
				LastUpgradeCheck = 1020;
				ORGANIZATIONNAME = "Vance Basilio";
				TargetAttributes = {
					BC1FAF282269FAFA006A9245 = {
						CreatedOnToolsVersion = 9.2;
						LastSwiftMigration = 0920;
						ProvisioningStyle = Automatic;
						SystemCapabilities = {
							com.apple.BackgroundModes = {
								enabled = 1;
							};
						};
					};
				};
			};
			buildConfigurationList = BC1FAF242269FAFA006A9245 /* Build configuration list for PBXProject "Kasam" */;
			compatibilityVersion = "Xcode 8.0";
			developmentRegion = en;
			hasScannedForEncodings = 0;
			knownRegions = (
				en,
				Base,
			);
			mainGroup = BC1FAF202269FAFA006A9245;
			productRefGroup = BC1FAF2A2269FAFA006A9245 /* Products */;
			projectDirPath = "";
			projectRoot = "";
			targets = (
				BC1FAF282269FAFA006A9245 /* Kasam */,
			);
		};
/* End PBXProject section */

/* Begin PBXResourcesBuildPhase section */
		BC1FAF272269FAFA006A9245 /* Resources */ = {
			isa = PBXResourcesBuildPhase;
			buildActionMask = 2147483647;
			files = (
				BC8348462445027A001819DC /* goldCup.json in Resources */,
				BC554BDD226E0FBE00D707CC /* KasamCell.xib in Resources */,
				BC51EB4324C14F50003771E0 /* crownSeptors.json in Resources */,
				BC16A20423292ABD00FDF70C /* loading.json in Resources */,
				BCD213672460CEE10096A365 /* flagmountainBG.json in Resources */,
				BCAE18AE23CD3BE300E47ED9 /* fireworks-loading.json in Resources */,
				BC1FAF372269FAFA006A9245 /* LaunchScreen.storyboard in Resources */,
				BC1092A723A0553400575EDB /* AddKasamController.xib in Resources */,
				BC1FAF342269FAFA006A9245 /* Assets.xcassets in Resources */,
				BC83484C24450403001819DC /* crownSmooth.json in Resources */,
				BC83484A2445034A001819DC /* crown.json in Resources */,
				BCC79A06226BD56000B72D65 /* Default-568h@2x.png in Resources */,
				BC1FAF322269FAFA006A9245 /* Main.storyboard in Resources */,
				BC7042C0239861A100649D01 /* GoogleService-Info.plist in Resources */,
				BCE4B4B923666E0500C75480 /* UserOptionsController.xib in Resources */,
				BC4DE60624B0241A00763B32 /* OptionsPopupController.xib in Resources */,
				BCF8A9AF24B1690F00751CC9 /* diamond.json in Resources */,
				BC2B4C8123A70437005F2255 /* rocket-fast.json in Resources */,
				BCD824D323D7C0B40051C499 /* success.json in Resources */,
				BC01664722D5790B0073186D /* UIImageViewAligned in Resources */,
				BC2B4C8223A70437005F2255 /* checkmark.json in Resources */,
				BCF8A304246436140030C323 /* BadgesAchievedCellTableViewCell.xib in Resources */,
				BC834848244502B0001819DC /* oneMedal.json in Resources */,
				BCF8A305246436140030C323 /* BadgesAchieved.xib in Resources */,
				BC7CBA9724BFC9E30042E89D /* levitate-meditate.json in Resources */,
				BC228CB224401C3D00BA665C /* crownMedal.json in Resources */,
				BC679ECB2439290800441F6E /* badge.json in Resources */,
				BCD213652460CAC80096A365 /* flagmountain.json in Resources */,
			);
			runOnlyForDeploymentPostprocessing = 0;
		};
/* End PBXResourcesBuildPhase section */

/* Begin PBXShellScriptBuildPhase section */
		0C07AF3BA0F3D3DEEB9BA1BD /* [CP] Check Pods Manifest.lock */ = {
			isa = PBXShellScriptBuildPhase;
			buildActionMask = 2147483647;
			files = (
			);
			inputPaths = (
				"${PODS_PODFILE_DIR_PATH}/Podfile.lock",
				"${PODS_ROOT}/Manifest.lock",
			);
			name = "[CP] Check Pods Manifest.lock";
			outputPaths = (
				"$(DERIVED_FILE_DIR)/Pods-Kasam-checkManifestLockResult.txt",
			);
			runOnlyForDeploymentPostprocessing = 0;
			shellPath = /bin/sh;
			shellScript = "diff \"${PODS_PODFILE_DIR_PATH}/Podfile.lock\" \"${PODS_ROOT}/Manifest.lock\" > /dev/null\nif [ $? != 0 ] ; then\n    # print error to STDERR\n    echo \"error: The sandbox is not in sync with the Podfile.lock. Run 'pod install' or update your CocoaPods installation.\" >&2\n    exit 1\nfi\n# This output is used by Xcode 'outputs' to avoid re-running this script phase.\necho \"SUCCESS\" > \"${SCRIPT_OUTPUT_FILE_0}\"\n";
			showEnvVarsInLog = 0;
		};
		22717E2F6F90C67BECEDA69C /* [CP] Embed Pods Frameworks */ = {
			isa = PBXShellScriptBuildPhase;
			buildActionMask = 2147483647;
			files = (
			);
			inputPaths = (
				"${PODS_ROOT}/Target Support Files/Pods-Kasam/Pods-Kasam-frameworks.sh",
				"${BUILT_PRODUCTS_DIR}/AppAuth/AppAuth.framework",
				"${BUILT_PRODUCTS_DIR}/ChameleonFramework/ChameleonFramework.framework",
				"${BUILT_PRODUCTS_DIR}/Charts/Charts.framework",
				"${BUILT_PRODUCTS_DIR}/Cosmos/Cosmos.framework",
				"${BUILT_PRODUCTS_DIR}/FBSDKCoreKit/FBSDKCoreKit.framework",
				"${BUILT_PRODUCTS_DIR}/FBSDKLoginKit/FBSDKLoginKit.framework",
				"${BUILT_PRODUCTS_DIR}/FBSDKShareKit/FBSDKShareKit.framework",
				"${BUILT_PRODUCTS_DIR}/FacebookCore/FacebookCore.framework",
				"${BUILT_PRODUCTS_DIR}/FacebookLogin/FacebookLogin.framework",
				"${BUILT_PRODUCTS_DIR}/FacebookShare/FacebookShare.framework",
				"${BUILT_PRODUCTS_DIR}/GTMAppAuth/GTMAppAuth.framework",
				"${BUILT_PRODUCTS_DIR}/GTMSessionFetcher/GTMSessionFetcher.framework",
				"${BUILT_PRODUCTS_DIR}/GoogleToolboxForMac/GoogleToolboxForMac.framework",
				"${BUILT_PRODUCTS_DIR}/GoogleUtilities/GoogleUtilities.framework",
				"${BUILT_PRODUCTS_DIR}/HCVimeoVideoExtractor/HCVimeoVideoExtractor.framework",
				"${BUILT_PRODUCTS_DIR}/HGCircularSlider/HGCircularSlider.framework",
				"${BUILT_PRODUCTS_DIR}/HMSegmentedControl/HMSegmentedControl.framework",
				"${BUILT_PRODUCTS_DIR}/IQKeyboardManagerSwift/IQKeyboardManagerSwift.framework",
				"${BUILT_PRODUCTS_DIR}/MXPagerView/MXPagerView.framework",
				"${BUILT_PRODUCTS_DIR}/MXParallaxHeader/MXParallaxHeader.framework",
				"${BUILT_PRODUCTS_DIR}/MXSegmentedPager/MXSegmentedPager.framework",
				"${BUILT_PRODUCTS_DIR}/PromisesObjC/FBLPromises.framework",
				"${BUILT_PRODUCTS_DIR}/Protobuf/Protobuf.framework",
				"${BUILT_PRODUCTS_DIR}/QuickLayout/QuickLayout.framework",
				"${BUILT_PRODUCTS_DIR}/SDWebImage/SDWebImage.framework",
				"${BUILT_PRODUCTS_DIR}/SVProgressHUD/SVProgressHUD.framework",
				"${BUILT_PRODUCTS_DIR}/SkeletonView/SkeletonView.framework",
				"${BUILT_PRODUCTS_DIR}/SkyFloatingLabelTextField/SkyFloatingLabelTextField.framework",
				"${BUILT_PRODUCTS_DIR}/SwiftEntryKit/SwiftEntryKit.framework",
				"${BUILT_PRODUCTS_DIR}/SwiftIcons/SwiftIcons.framework",
				"${BUILT_PRODUCTS_DIR}/SwipeCellKit/SwipeCellKit.framework",
				"${BUILT_PRODUCTS_DIR}/leveldb-library/leveldb.framework",
				"${BUILT_PRODUCTS_DIR}/lottie-ios/Lottie.framework",
				"${BUILT_PRODUCTS_DIR}/nanopb/nanopb.framework",
				"${BUILT_PRODUCTS_DIR}/youtube-ios-player-helper/youtube_ios_player_helper.framework",
			);
			name = "[CP] Embed Pods Frameworks";
			outputPaths = (
				"${TARGET_BUILD_DIR}/${FRAMEWORKS_FOLDER_PATH}/AppAuth.framework",
				"${TARGET_BUILD_DIR}/${FRAMEWORKS_FOLDER_PATH}/ChameleonFramework.framework",
				"${TARGET_BUILD_DIR}/${FRAMEWORKS_FOLDER_PATH}/Charts.framework",
				"${TARGET_BUILD_DIR}/${FRAMEWORKS_FOLDER_PATH}/Cosmos.framework",
				"${TARGET_BUILD_DIR}/${FRAMEWORKS_FOLDER_PATH}/FBSDKCoreKit.framework",
				"${TARGET_BUILD_DIR}/${FRAMEWORKS_FOLDER_PATH}/FBSDKLoginKit.framework",
				"${TARGET_BUILD_DIR}/${FRAMEWORKS_FOLDER_PATH}/FBSDKShareKit.framework",
				"${TARGET_BUILD_DIR}/${FRAMEWORKS_FOLDER_PATH}/FacebookCore.framework",
				"${TARGET_BUILD_DIR}/${FRAMEWORKS_FOLDER_PATH}/FacebookLogin.framework",
				"${TARGET_BUILD_DIR}/${FRAMEWORKS_FOLDER_PATH}/FacebookShare.framework",
				"${TARGET_BUILD_DIR}/${FRAMEWORKS_FOLDER_PATH}/GTMAppAuth.framework",
				"${TARGET_BUILD_DIR}/${FRAMEWORKS_FOLDER_PATH}/GTMSessionFetcher.framework",
				"${TARGET_BUILD_DIR}/${FRAMEWORKS_FOLDER_PATH}/GoogleToolboxForMac.framework",
				"${TARGET_BUILD_DIR}/${FRAMEWORKS_FOLDER_PATH}/GoogleUtilities.framework",
				"${TARGET_BUILD_DIR}/${FRAMEWORKS_FOLDER_PATH}/HCVimeoVideoExtractor.framework",
				"${TARGET_BUILD_DIR}/${FRAMEWORKS_FOLDER_PATH}/HGCircularSlider.framework",
				"${TARGET_BUILD_DIR}/${FRAMEWORKS_FOLDER_PATH}/HMSegmentedControl.framework",
				"${TARGET_BUILD_DIR}/${FRAMEWORKS_FOLDER_PATH}/IQKeyboardManagerSwift.framework",
				"${TARGET_BUILD_DIR}/${FRAMEWORKS_FOLDER_PATH}/MXPagerView.framework",
				"${TARGET_BUILD_DIR}/${FRAMEWORKS_FOLDER_PATH}/MXParallaxHeader.framework",
				"${TARGET_BUILD_DIR}/${FRAMEWORKS_FOLDER_PATH}/MXSegmentedPager.framework",
				"${TARGET_BUILD_DIR}/${FRAMEWORKS_FOLDER_PATH}/FBLPromises.framework",
				"${TARGET_BUILD_DIR}/${FRAMEWORKS_FOLDER_PATH}/Protobuf.framework",
				"${TARGET_BUILD_DIR}/${FRAMEWORKS_FOLDER_PATH}/QuickLayout.framework",
				"${TARGET_BUILD_DIR}/${FRAMEWORKS_FOLDER_PATH}/SDWebImage.framework",
				"${TARGET_BUILD_DIR}/${FRAMEWORKS_FOLDER_PATH}/SVProgressHUD.framework",
				"${TARGET_BUILD_DIR}/${FRAMEWORKS_FOLDER_PATH}/SkeletonView.framework",
				"${TARGET_BUILD_DIR}/${FRAMEWORKS_FOLDER_PATH}/SkyFloatingLabelTextField.framework",
				"${TARGET_BUILD_DIR}/${FRAMEWORKS_FOLDER_PATH}/SwiftEntryKit.framework",
				"${TARGET_BUILD_DIR}/${FRAMEWORKS_FOLDER_PATH}/SwiftIcons.framework",
				"${TARGET_BUILD_DIR}/${FRAMEWORKS_FOLDER_PATH}/SwipeCellKit.framework",
				"${TARGET_BUILD_DIR}/${FRAMEWORKS_FOLDER_PATH}/leveldb.framework",
				"${TARGET_BUILD_DIR}/${FRAMEWORKS_FOLDER_PATH}/Lottie.framework",
				"${TARGET_BUILD_DIR}/${FRAMEWORKS_FOLDER_PATH}/nanopb.framework",
				"${TARGET_BUILD_DIR}/${FRAMEWORKS_FOLDER_PATH}/youtube_ios_player_helper.framework",
			);
			runOnlyForDeploymentPostprocessing = 0;
			shellPath = /bin/sh;
			shellScript = "\"${PODS_ROOT}/Target Support Files/Pods-Kasam/Pods-Kasam-frameworks.sh\"\n";
			showEnvVarsInLog = 0;
		};
		BC2C42EA24A62EC00041E919 /* ShellScript */ = {
			isa = PBXShellScriptBuildPhase;
			buildActionMask = 2147483647;
			files = (
			);
			inputFileListPaths = (
			);
			inputPaths = (
				"$(SRCROOT)/$(BUILT_PRODUCTS_DIR)/$(INFOPLIST_PATH)",
			);
			outputFileListPaths = (
			);
			outputPaths = (
			);
			runOnlyForDeploymentPostprocessing = 0;
			shellPath = /bin/sh;
			shellScript = "\"${PODS_ROOT}/Fabric/run\"\n";
		};
		F10AFC8567255F4A330C0C82 /* [CP] Copy Pods Resources */ = {
			isa = PBXShellScriptBuildPhase;
			buildActionMask = 2147483647;
			files = (
			);
			inputPaths = (
				"${PODS_ROOT}/Target Support Files/Pods-Kasam/Pods-Kasam-resources.sh",
				"${PODS_ROOT}/GoogleSignIn/Resources/GoogleSignIn.bundle",
			);
			name = "[CP] Copy Pods Resources";
			outputPaths = (
				"${TARGET_BUILD_DIR}/${UNLOCALIZED_RESOURCES_FOLDER_PATH}/GoogleSignIn.bundle",
			);
			runOnlyForDeploymentPostprocessing = 0;
			shellPath = /bin/sh;
			shellScript = "\"${PODS_ROOT}/Target Support Files/Pods-Kasam/Pods-Kasam-resources.sh\"\n";
			showEnvVarsInLog = 0;
		};
/* End PBXShellScriptBuildPhase section */

/* Begin PBXSourcesBuildPhase section */
		BC1FAF252269FAFA006A9245 /* Sources */ = {
			isa = PBXSourcesBuildPhase;
			buildActionMask = 2147483647;
			files = (
				BC06DDA423523C7D00162A8C /* Structs.swift in Sources */,
				BC40365A24B3DAB100661E7B /* Unused_Functions.swift in Sources */,
				BC1FAF2F2269FAFA006A9245 /* LogIn.swift in Sources */,
				BC45558D2321F6D300F1227B /* KasamViewerCell.swift in Sources */,
				BC12F1EE233FC17100D93227 /* Statistics.swift in Sources */,
				BCFCB43522AF02C900DC2DD7 /* DiscoverCollectionCell.swift in Sources */,
				BC3AAA20227D46BA00D098E1 /* TabBar.swift in Sources */,
				BCE50BE022D04A37000F2534 /* FXBlurView.m in Sources */,
				BCF8A303246436140030C323 /* BadgesAchievedCellTableViewCell.swift in Sources */,
				BC339E8E2376EB6D00E1D038 /* CustomSegmentedControl.swift in Sources */,
				BC12F1EC233FB07B00D93227 /* KasamFollowingCell.swift in Sources */,
				BC9C7841228CD2DB000C8D0A /* 2. Today.swift in Sources */,
				BCA9A06422A9D2AB008C5A7D /* AppManager.swift in Sources */,
				BCB7FFCE248BCF4900E41913 /* NotificationsController.swift in Sources */,
				BCE4B4BB23666E2800C75480 /* UserOptionsController.swift in Sources */,
				BC5C3C7A234D60E800C68238 /* PopupForm.swift in Sources */,
				BC38419C24037DE6005D929A /* TodayDayTrackerCell.swift in Sources */,
				BC9EC1D92390DD0400637C94 /* CompletedKasamCell.swift in Sources */,
				BC5D1B0224BA1D4700A5E9A7 /* 3. Group.swift in Sources */,
				BC651491238DAD4600510971 /* Popups.swift in Sources */,
				BC55BFD722AEEF6200D77337 /* Custom Functions.swift in Sources */,
				BC74E1F32336748E00653381 /* CountdownTimer.swift in Sources */,
				BCFCB43722AF04EA00DC2DD7 /* DiscoverCategoryCell.swift in Sources */,
				BC554BD6226D8BDB00D707CC /* UIColor.swift in Sources */,
				BC1414EB2493397F0073E577 /* SwipeTable.swift in Sources */,
				BCBA69A22274F3200085E407 /* KasamTrackerCell.swift in Sources */,
				BC791A21234BF93600A9D25A /* TodayMotivationCell.swift in Sources */,
				BC96F8482292085200E161FC /* TodayBlockCell.swift in Sources */,
				BC8AFB4522873EEE003449F4 /* UIView+constraints.swift in Sources */,
				BC01664522D53E970073186D /* CoachHolder.swift in Sources */,
				BCF2A76B227F08F0009D2368 /* KasamBlocksCell.swift in Sources */,
				BC339E902377242C00E1D038 /* LoginViewCell.swift in Sources */,
				BC89B8CA23F86A4800EA3813 /* DiscoverTableCell.swift in Sources */,
				BCA9A06222A9D22E008C5A7D /* AppContainer.swift in Sources */,
				BC1FAF2D2269FAFA006A9245 /* AppDelegate.swift in Sources */,
				BC74AE99237DDCD100676B10 /* NewActivityCell.swift in Sources */,
				BC74AE97237DA10300676B10 /* -NewActivity.swift in Sources */,
				BC68BC5F22838A8800240CE9 /* ImageService.swift in Sources */,
				BC9C2424226FD6FF00E7B64B /* -NewKasam.swift in Sources */,
				BC5C499C228122BB00EC0EA8 /* KasamSquareCell.swift in Sources */,
				BC7BF3E524A67BF40094A5C1 /* Reachability.swift in Sources */,
				BCE50BDD22D0497B000F2534 /* KasamHolder.swift in Sources */,
				BCB7FFD0248BD3F600E41913 /* NotificationsCell.swift in Sources */,
				BC520BBB227413E100553C6B /* Transitions.swift in Sources */,
				BC1092A923A0555D00575EDB /* AddKasam.swift in Sources */,
				BC08B957229D585900F90288 /* CellFormats.swift in Sources */,
				BCC4F44823406BBE00EF2FBA /* BalloonMarker.swift in Sources */,
				BC42C6C72354EA8F008F0A6D /* NewBlockCell.swift in Sources */,
				BCCFE980231ABB0D00B0AB6C /* SelfSizedTableView.swift in Sources */,
				BC4DE60524B0241A00763B32 /* OptionsPopup.swift in Sources */,
				BC554BD8226E079100D707CC /* 4. User-Profile.swift in Sources */,
				BCE0232D23B092E2007B25A0 /* MetricTypeCell.swift in Sources */,
				BC554BD2226D6EF900D707CC /* 1. Discover.swift in Sources */,
				BC554BDC226E0FBE00D707CC /* TableViewCell.swift in Sources */,
				BCED0D87237285E80054E66B /* AlertService.swift in Sources */,
				BCE09DEA2463B26E00A7A614 /* BadgesAchieved.swift in Sources */,
				BCCD252923FB26C00030F6FC /* TodayChallengesCell.swift in Sources */,
				BC55CC69232B4552003C87F6 /* WeeklyStatsCell.swift in Sources */,
				BC6E97852321DF7800698EB9 /* KasamViewer.swift in Sources */,
				BC85E72C23B11EC500330F60 /* NewKasamPage.swift in Sources */,
				BC12F1F0233FF1E900D93227 /* DetailedStatsCell.swift in Sources */,
				BC339E9223772D6F00E1D038 /* RegisterViewCell.swift in Sources */,
				BCD7315723B07A9B000A1AF8 /* -NewBlock.swift in Sources */,
			);
			runOnlyForDeploymentPostprocessing = 0;
		};
/* End PBXSourcesBuildPhase section */

/* Begin PBXVariantGroup section */
		BC1FAF302269FAFA006A9245 /* Main.storyboard */ = {
			isa = PBXVariantGroup;
			children = (
				BC1FAF312269FAFA006A9245 /* Base */,
			);
			name = Main.storyboard;
			sourceTree = "<group>";
		};
		BC1FAF352269FAFA006A9245 /* LaunchScreen.storyboard */ = {
			isa = PBXVariantGroup;
			children = (
				BC1FAF362269FAFA006A9245 /* Base */,
			);
			name = LaunchScreen.storyboard;
			sourceTree = "<group>";
		};
/* End PBXVariantGroup section */

/* Begin XCBuildConfiguration section */
		BC1FAF392269FAFA006A9245 /* Debug */ = {
			isa = XCBuildConfiguration;
			buildSettings = {
				ALWAYS_SEARCH_USER_PATHS = NO;
				CLANG_ANALYZER_NONNULL = YES;
				CLANG_ANALYZER_NUMBER_OBJECT_CONVERSION = YES_AGGRESSIVE;
				CLANG_CXX_LANGUAGE_STANDARD = "gnu++14";
				CLANG_CXX_LIBRARY = "libc++";
				CLANG_ENABLE_MODULES = YES;
				CLANG_ENABLE_OBJC_ARC = YES;
				CLANG_WARN_BLOCK_CAPTURE_AUTORELEASING = YES;
				CLANG_WARN_BOOL_CONVERSION = YES;
				CLANG_WARN_COMMA = YES;
				CLANG_WARN_CONSTANT_CONVERSION = YES;
				CLANG_WARN_DEPRECATED_OBJC_IMPLEMENTATIONS = YES;
				CLANG_WARN_DIRECT_OBJC_ISA_USAGE = YES_ERROR;
				CLANG_WARN_DOCUMENTATION_COMMENTS = YES;
				CLANG_WARN_EMPTY_BODY = YES;
				CLANG_WARN_ENUM_CONVERSION = YES;
				CLANG_WARN_INFINITE_RECURSION = YES;
				CLANG_WARN_INT_CONVERSION = YES;
				CLANG_WARN_NON_LITERAL_NULL_CONVERSION = YES;
				CLANG_WARN_OBJC_IMPLICIT_RETAIN_SELF = YES;
				CLANG_WARN_OBJC_LITERAL_CONVERSION = YES;
				CLANG_WARN_OBJC_ROOT_CLASS = YES_ERROR;
				CLANG_WARN_RANGE_LOOP_ANALYSIS = YES;
				CLANG_WARN_STRICT_PROTOTYPES = YES;
				CLANG_WARN_SUSPICIOUS_MOVE = YES;
				CLANG_WARN_UNGUARDED_AVAILABILITY = YES_AGGRESSIVE;
				CLANG_WARN_UNREACHABLE_CODE = YES;
				CLANG_WARN__DUPLICATE_METHOD_MATCH = YES;
				CODE_SIGN_IDENTITY = "iPhone Developer";
				COPY_PHASE_STRIP = NO;
				DEBUG_INFORMATION_FORMAT = "dwarf-with-dsym";
				ENABLE_STRICT_OBJC_MSGSEND = YES;
				ENABLE_TESTABILITY = YES;
				GCC_C_LANGUAGE_STANDARD = gnu11;
				GCC_DYNAMIC_NO_PIC = NO;
				GCC_NO_COMMON_BLOCKS = YES;
				GCC_OPTIMIZATION_LEVEL = 0;
				GCC_PREPROCESSOR_DEFINITIONS = (
					"DEBUG=1",
					"$(inherited)",
				);
				GCC_WARN_64_TO_32_BIT_CONVERSION = YES;
				GCC_WARN_ABOUT_RETURN_TYPE = YES_ERROR;
				GCC_WARN_UNDECLARED_SELECTOR = YES;
				GCC_WARN_UNINITIALIZED_AUTOS = YES_AGGRESSIVE;
				GCC_WARN_UNUSED_FUNCTION = YES;
				GCC_WARN_UNUSED_VARIABLE = YES;
				IPHONEOS_DEPLOYMENT_TARGET = 11.2;
				MTL_ENABLE_DEBUG_INFO = YES;
				ONLY_ACTIVE_ARCH = YES;
				SDKROOT = iphoneos;
				SWIFT_ACTIVE_COMPILATION_CONDITIONS = DEBUG;
				SWIFT_OPTIMIZATION_LEVEL = "-Onone";
				SWIFT_VERSION = "";
			};
			name = Debug;
		};
		BC1FAF3A2269FAFA006A9245 /* Release */ = {
			isa = XCBuildConfiguration;
			buildSettings = {
				ALWAYS_SEARCH_USER_PATHS = NO;
				CLANG_ANALYZER_NONNULL = YES;
				CLANG_ANALYZER_NUMBER_OBJECT_CONVERSION = YES_AGGRESSIVE;
				CLANG_CXX_LANGUAGE_STANDARD = "gnu++14";
				CLANG_CXX_LIBRARY = "libc++";
				CLANG_ENABLE_MODULES = YES;
				CLANG_ENABLE_OBJC_ARC = YES;
				CLANG_WARN_BLOCK_CAPTURE_AUTORELEASING = YES;
				CLANG_WARN_BOOL_CONVERSION = YES;
				CLANG_WARN_COMMA = YES;
				CLANG_WARN_CONSTANT_CONVERSION = YES;
				CLANG_WARN_DEPRECATED_OBJC_IMPLEMENTATIONS = YES;
				CLANG_WARN_DIRECT_OBJC_ISA_USAGE = YES_ERROR;
				CLANG_WARN_DOCUMENTATION_COMMENTS = YES;
				CLANG_WARN_EMPTY_BODY = YES;
				CLANG_WARN_ENUM_CONVERSION = YES;
				CLANG_WARN_INFINITE_RECURSION = YES;
				CLANG_WARN_INT_CONVERSION = YES;
				CLANG_WARN_NON_LITERAL_NULL_CONVERSION = YES;
				CLANG_WARN_OBJC_IMPLICIT_RETAIN_SELF = YES;
				CLANG_WARN_OBJC_LITERAL_CONVERSION = YES;
				CLANG_WARN_OBJC_ROOT_CLASS = YES_ERROR;
				CLANG_WARN_RANGE_LOOP_ANALYSIS = YES;
				CLANG_WARN_STRICT_PROTOTYPES = YES;
				CLANG_WARN_SUSPICIOUS_MOVE = YES;
				CLANG_WARN_UNGUARDED_AVAILABILITY = YES_AGGRESSIVE;
				CLANG_WARN_UNREACHABLE_CODE = YES;
				CLANG_WARN__DUPLICATE_METHOD_MATCH = YES;
				CODE_SIGN_IDENTITY = "iPhone Developer";
				COPY_PHASE_STRIP = NO;
				DEBUG_INFORMATION_FORMAT = "dwarf-with-dsym";
				ENABLE_NS_ASSERTIONS = NO;
				ENABLE_STRICT_OBJC_MSGSEND = YES;
				GCC_C_LANGUAGE_STANDARD = gnu11;
				GCC_NO_COMMON_BLOCKS = YES;
				GCC_WARN_64_TO_32_BIT_CONVERSION = YES;
				GCC_WARN_ABOUT_RETURN_TYPE = YES_ERROR;
				GCC_WARN_UNDECLARED_SELECTOR = YES;
				GCC_WARN_UNINITIALIZED_AUTOS = YES_AGGRESSIVE;
				GCC_WARN_UNUSED_FUNCTION = YES;
				GCC_WARN_UNUSED_VARIABLE = YES;
				IPHONEOS_DEPLOYMENT_TARGET = 11.2;
				MTL_ENABLE_DEBUG_INFO = NO;
				SDKROOT = iphoneos;
				SWIFT_OPTIMIZATION_LEVEL = "-Owholemodule";
				SWIFT_VERSION = "";
				VALIDATE_PRODUCT = YES;
			};
			name = Release;
		};
		BC1FAF3C2269FAFA006A9245 /* Debug */ = {
			isa = XCBuildConfiguration;
			baseConfigurationReference = 4EF22FF8CF5C32ADB7A2CDAE /* Pods-Kasam.debug.xcconfig */;
			buildSettings = {
				ASSETCATALOG_COMPILER_APPICON_NAME = AppIcon;
				CLANG_ENABLE_MODULES = YES;
				CODE_SIGN_ENTITLEMENTS = Kasam/Kasam.entitlements;
				CODE_SIGN_STYLE = Automatic;
				CURRENT_PROJECT_VERSION = 5;
				DEVELOPMENT_TEAM = EYFDDEA2GM;
				INFOPLIST_FILE = "$(SRCROOT)/Supporting Files/Info.plist";
				IPHONEOS_DEPLOYMENT_TARGET = 12.0;
				LD_RUNPATH_SEARCH_PATHS = "$(inherited) @executable_path/Frameworks";
				PRODUCT_BUNDLE_IDENTIFIER = com.vancebasilio.Kasam;
				PRODUCT_NAME = Kasam;
				SWIFT_OBJC_BRIDGING_HEADER = "Kasam/Model/Kasam-Bridging-Header.h";
				SWIFT_OPTIMIZATION_LEVEL = "-Onone";
				SWIFT_VERSION = 4.2;
				TARGETED_DEVICE_FAMILY = 1;
			};
			name = Debug;
		};
		BC1FAF3D2269FAFA006A9245 /* Release */ = {
			isa = XCBuildConfiguration;
			baseConfigurationReference = 7097DC07EF7C4EA01ED3C8B9 /* Pods-Kasam.release.xcconfig */;
			buildSettings = {
				ASSETCATALOG_COMPILER_APPICON_NAME = AppIcon;
				CLANG_ENABLE_MODULES = YES;
				CODE_SIGN_ENTITLEMENTS = Kasam/Kasam.entitlements;
				CODE_SIGN_STYLE = Automatic;
				CURRENT_PROJECT_VERSION = 5;
				DEVELOPMENT_TEAM = EYFDDEA2GM;
				INFOPLIST_FILE = "$(SRCROOT)/Supporting Files/Info.plist";
				IPHONEOS_DEPLOYMENT_TARGET = 12.0;
				LD_RUNPATH_SEARCH_PATHS = "$(inherited) @executable_path/Frameworks";
				PRODUCT_BUNDLE_IDENTIFIER = com.vancebasilio.Kasam;
				PRODUCT_NAME = Kasam;
				SWIFT_OBJC_BRIDGING_HEADER = "Kasam/Model/Kasam-Bridging-Header.h";
				SWIFT_VERSION = 4.2;
				TARGETED_DEVICE_FAMILY = 1;
			};
			name = Release;
		};
/* End XCBuildConfiguration section */

/* Begin XCConfigurationList section */
		BC1FAF242269FAFA006A9245 /* Build configuration list for PBXProject "Kasam" */ = {
			isa = XCConfigurationList;
			buildConfigurations = (
				BC1FAF392269FAFA006A9245 /* Debug */,
				BC1FAF3A2269FAFA006A9245 /* Release */,
			);
			defaultConfigurationIsVisible = 0;
			defaultConfigurationName = Release;
		};
		BC1FAF3B2269FAFA006A9245 /* Build configuration list for PBXNativeTarget "Kasam" */ = {
			isa = XCConfigurationList;
			buildConfigurations = (
				BC1FAF3C2269FAFA006A9245 /* Debug */,
				BC1FAF3D2269FAFA006A9245 /* Release */,
			);
			defaultConfigurationIsVisible = 0;
			defaultConfigurationName = Release;
		};
/* End XCConfigurationList section */
	};
	rootObject = BC1FAF212269FAFA006A9245 /* Project object */;
}
